
Microsoft Visual Studio Solution File, Format Version 12.00
# Visual Studio 15
VisualStudioVersion = 15.0.27130.2036
MinimumVisualStudioVersion = 10.0.40219.1
Project("{8BC9CEB8-8B4A-11D0-8D11-00A0C91BC942}") = "Riders of Fortune 2 - Dungeon Escape", "Riders of Fortune 2 - Dungeon Escape\Riders of Fortune 2 - Dungeon Escape.vcxproj", "{790EC201-9EC5-414B-9DB2-BF0B731260B8}"
EndProject
Global
	GlobalSection(SolutionConfigurationPlatforms) = preSolution
		Debug|x64 = Debug|x64
		Debug|x86 = Debug|x86
		Release|x64 = Release|x64
		Release|x86 = Release|x86
	EndGlobalSection
	GlobalSection(ProjectConfigurationPlatforms) = postSolution
		{790EC201-9EC5-414B-9DB2-BF0B731260B8}.Debug|x64.ActiveCfg = Debug|x64
		{790EC201-9EC5-414B-9DB2-BF0B731260B8}.Debug|x64.Build.0 = Debug|x64
		{790EC201-9EC5-414B-9DB2-BF0B731260B8}.Debug|x86.ActiveCfg = Debug|Win32
		{790EC201-9EC5-414B-9DB2-BF0B731260B8}.Debug|x86.Build.0 = Debug|Win32
		{790EC201-9EC5-414B-9DB2-BF0B731260B8}.Release|x64.ActiveCfg = Release|x64
		{790EC201-9EC5-414B-9DB2-BF0B731260B8}.Release|x64.Build.0 = Release|x64
		{790EC201-9EC5-414B-9DB2-BF0B731260B8}.Release|x86.ActiveCfg = Release|Win32
		{790EC201-9EC5-414B-9DB2-BF0B731260B8}.Release|x86.Build.0 = Release|Win32
	EndGlobalSection
	GlobalSection(SolutionProperties) = preSolution
		HideSolutionNode = FALSE
	EndGlobalSection
	GlobalSection(ExtensibilityGlobals) = postSolution
		SolutionGuid = {02FA1FF2-92B8-4E27-A391-448AF0526AB2}
	EndGlobalSection
EndGlobal
